
Microsoft Visual Studio Solution File, Format Version 12.00
# Visual Studio Version 17
VisualStudioVersion = 17.6.33723.286
MinimumVisualStudioVersion = 10.0.40219.1
Project("{9A19103F-16F7-4668-BE54-9A1E7A4F7556}") = "API", "API\API.csproj", "{28353B60-C6D1-4199-A196-9CD981889D89}"
EndProject
Project("{FAE04EC0-301F-11D3-BF4B-00C04F79EFBC}") = "Infrastructure", "Infrastructure\Infrastructure.csproj", "{0FFF28FA-BDC9-40D9-8A27-6976EFAF72E6}"
EndProject
Project("{FAE04EC0-301F-11D3-BF4B-00C04F79EFBC}") = "Core", "Core\Core.csproj", "{BC6F1FE4-5AA6-4A56-B898-CBA21C27B82D}"
EndProject
Global
	GlobalSection(SolutionConfigurationPlatforms) = preSolution
		Debug|Any CPU = Debug|Any CPU
		Release|Any CPU = Release|Any CPU
	EndGlobalSection
	GlobalSection(ProjectConfigurationPlatforms) = postSolution
		{28353B60-C6D1-4199-A196-9CD981889D89}.Debug|Any CPU.ActiveCfg = Debug|Any CPU
		{28353B60-C6D1-4199-A196-9CD981889D89}.Debug|Any CPU.Build.0 = Debug|Any CPU
		{28353B60-C6D1-4199-A196-9CD981889D89}.Release|Any CPU.ActiveCfg = Release|Any CPU
		{28353B60-C6D1-4199-A196-9CD981889D89}.Release|Any CPU.Build.0 = Release|Any CPU
		{0FFF28FA-BDC9-40D9-8A27-6976EFAF72E6}.Debug|Any CPU.ActiveCfg = Debug|Any CPU
		{0FFF28FA-BDC9-40D9-8A27-6976EFAF72E6}.Debug|Any CPU.Build.0 = Debug|Any CPU
		{0FFF28FA-BDC9-40D9-8A27-6976EFAF72E6}.Release|Any CPU.ActiveCfg = Release|Any CPU
		{0FFF28FA-BDC9-40D9-8A27-6976EFAF72E6}.Release|Any CPU.Build.0 = Release|Any CPU
		{BC6F1FE4-5AA6-4A56-B898-CBA21C27B82D}.Debug|Any CPU.ActiveCfg = Debug|Any CPU
		{BC6F1FE4-5AA6-4A56-B898-CBA21C27B82D}.Debug|Any CPU.Build.0 = Debug|Any CPU
		{BC6F1FE4-5AA6-4A56-B898-CBA21C27B82D}.Release|Any CPU.ActiveCfg = Release|Any CPU
		{BC6F1FE4-5AA6-4A56-B898-CBA21C27B82D}.Release|Any CPU.Build.0 = Release|Any CPU
	EndGlobalSection
	GlobalSection(SolutionProperties) = preSolution
		HideSolutionNode = FALSE
	EndGlobalSection
	GlobalSection(ExtensibilityGlobals) = postSolution
		SolutionGuid = {502B9A9C-A7BE-4502-A4B8-A3DAC1B34EBB}
	EndGlobalSection
EndGlobal
